
Microsoft Visual Studio Solution File, Format Version 12.00
# Visual Studio Version 17
VisualStudioVersion = 17.2.32526.322
MinimumVisualStudioVersion = 10.0.40219.1
Project("{2150E333-8FDC-42A3-9474-1A3956D46DE8}") = "Customer", "Customer", "{13910BC9-C879-4AA5-8B15-1708740DC85E}"
EndProject
Project("{2150E333-8FDC-42A3-9474-1A3956D46DE8}") = "Order", "Order", "{3AF98168-2D26-43E0-BF87-90DA129988BD}"
EndProject
Project("{2150E333-8FDC-42A3-9474-1A3956D46DE8}") = "Invoice", "Invoice", "{5A6D7A09-8050-4BD9-93E2-B1258EE0F4CC}"
EndProject
Project("{2150E333-8FDC-42A3-9474-1A3956D46DE8}") = "Payment", "Payment", "{2428C1DF-663B-4C12-B596-E5AC5BC7F929}"
EndProject
Project("{9A19103F-16F7-4668-BE54-9A1E7A4F7556}") = "Customer.API", "Customer\Customer.API\Customer.API.csproj", "{5E2D599A-9623-4DE0-8905-182E6F20E557}"
EndProject
Project("{9A19103F-16F7-4668-BE54-9A1E7A4F7556}") = "Invoice.API", "Invoice\Invoice.API\Invoice.API.csproj", "{C61E9430-14D8-495B-9ED9-EEC1CCB5C7E9}"
EndProject
Project("{9A19103F-16F7-4668-BE54-9A1E7A4F7556}") = "Order.API", "Order\Order.API\Order.API.csproj", "{27DC228A-B998-4F2B-8AF7-5F70F3DE2FCA}"
EndProject
Project("{9A19103F-16F7-4668-BE54-9A1E7A4F7556}") = "Payment.API", "Payment\Payment.API\Payment.API.csproj", "{4E1054A5-576B-4819-A0DF-AC776CAFF7C1}"
EndProject
Project("{2150E333-8FDC-42A3-9474-1A3956D46DE8}") = "Common", "Common", "{2B26A462-623A-4D38-812E-A5527C9E14CA}"
EndProject
Project("{9A19103F-16F7-4668-BE54-9A1E7A4F7556}") = "Lib01", "Common\Lib01\Lib01.csproj", "{F7B514EB-27E7-4B70-A9FA-740C76CED6C8}"
EndProject
Project("{9A19103F-16F7-4668-BE54-9A1E7A4F7556}") = "Lib01.Tests", "Common\Lib01.Tests\Lib01.Tests.csproj", "{379B1A0A-C0F8-4E99-B5C7-EAD3DD04C048}"
EndProject
Project("{9A19103F-16F7-4668-BE54-9A1E7A4F7556}") = "Customer.API.Tests", "Customer\Customer.API.Tests\Customer.API.Tests.csproj", "{5A33C9F1-2608-4589-8816-CD58B4B6AE7C}"
EndProject
Project("{9A19103F-16F7-4668-BE54-9A1E7A4F7556}") = "Invoice.API.Tests", "Invoice\Invoice.API.Tests\Invoice.API.Tests.csproj", "{662750E9-80DF-4A76-8465-386926E1BBEE}"
EndProject
Project("{9A19103F-16F7-4668-BE54-9A1E7A4F7556}") = "Order.API.Tests", "Order\Order.API.Tests\Order.API.Tests.csproj", "{112012A6-91D2-4AA9-83A5-C33AFBA6D4E8}"
EndProject
Project("{9A19103F-16F7-4668-BE54-9A1E7A4F7556}") = "Payment.API.Tests", "Payment\Payment.API.Tests\Payment.API.Tests.csproj", "{6E33533D-9A2D-48D9-883C-0DB8338837DB}"
EndProject
Project("{FAE04EC0-301F-11D3-BF4B-00C04F79EFBC}") = "Order.EventHandler", "Order\Order.EventHandler\Order.EventHandler.csproj", "{B0A59617-9881-4F90-8C82-DDECD372E9DB}"
EndProject
Project("{FAE04EC0-301F-11D3-BF4B-00C04F79EFBC}") = "Customer.EventHandler", "Customer\Customer.EventHandler\Customer.EventHandler.csproj", "{3BF4A721-0A13-4F28-8D0A-95297E394533}"
EndProject
Project("{FAE04EC0-301F-11D3-BF4B-00C04F79EFBC}") = "Invoice.EventHandler", "Invoice\Invoice.EventHandler\Invoice.EventHandler.csproj", "{42330FC7-314D-4878-9ADA-9DE109FC5778}"
EndProject
Global
	GlobalSection(SolutionConfigurationPlatforms) = preSolution
		Debug|Any CPU = Debug|Any CPU
		Debug|x64 = Debug|x64
		Release|Any CPU = Release|Any CPU
		Release|x64 = Release|x64
	EndGlobalSection
	GlobalSection(ProjectConfigurationPlatforms) = postSolution
		{5E2D599A-9623-4DE0-8905-182E6F20E557}.Debug|Any CPU.ActiveCfg = Debug|Any CPU
		{5E2D599A-9623-4DE0-8905-182E6F20E557}.Debug|Any CPU.Build.0 = Debug|Any CPU
		{5E2D599A-9623-4DE0-8905-182E6F20E557}.Debug|x64.ActiveCfg = Debug|x64
		{5E2D599A-9623-4DE0-8905-182E6F20E557}.Debug|x64.Build.0 = Debug|x64
		{5E2D599A-9623-4DE0-8905-182E6F20E557}.Release|Any CPU.ActiveCfg = Release|Any CPU
		{5E2D599A-9623-4DE0-8905-182E6F20E557}.Release|Any CPU.Build.0 = Release|Any CPU
		{5E2D599A-9623-4DE0-8905-182E6F20E557}.Release|x64.ActiveCfg = Release|x64
		{5E2D599A-9623-4DE0-8905-182E6F20E557}.Release|x64.Build.0 = Release|x64
		{C61E9430-14D8-495B-9ED9-EEC1CCB5C7E9}.Debug|Any CPU.ActiveCfg = Debug|Any CPU
		{C61E9430-14D8-495B-9ED9-EEC1CCB5C7E9}.Debug|Any CPU.Build.0 = Debug|Any CPU
		{C61E9430-14D8-495B-9ED9-EEC1CCB5C7E9}.Debug|x64.ActiveCfg = Debug|x64
		{C61E9430-14D8-495B-9ED9-EEC1CCB5C7E9}.Debug|x64.Build.0 = Debug|x64
		{C61E9430-14D8-495B-9ED9-EEC1CCB5C7E9}.Release|Any CPU.ActiveCfg = Release|Any CPU
		{C61E9430-14D8-495B-9ED9-EEC1CCB5C7E9}.Release|Any CPU.Build.0 = Release|Any CPU
		{C61E9430-14D8-495B-9ED9-EEC1CCB5C7E9}.Release|x64.ActiveCfg = Release|x64
		{C61E9430-14D8-495B-9ED9-EEC1CCB5C7E9}.Release|x64.Build.0 = Release|x64
		{27DC228A-B998-4F2B-8AF7-5F70F3DE2FCA}.Debug|Any CPU.ActiveCfg = Debug|Any CPU
		{27DC228A-B998-4F2B-8AF7-5F70F3DE2FCA}.Debug|Any CPU.Build.0 = Debug|Any CPU
		{27DC228A-B998-4F2B-8AF7-5F70F3DE2FCA}.Debug|x64.ActiveCfg = Debug|x64
		{27DC228A-B998-4F2B-8AF7-5F70F3DE2FCA}.Debug|x64.Build.0 = Debug|x64
		{27DC228A-B998-4F2B-8AF7-5F70F3DE2FCA}.Release|Any CPU.ActiveCfg = Release|Any CPU
		{27DC228A-B998-4F2B-8AF7-5F70F3DE2FCA}.Release|Any CPU.Build.0 = Release|Any CPU
		{27DC228A-B998-4F2B-8AF7-5F70F3DE2FCA}.Release|x64.ActiveCfg = Release|x64
		{27DC228A-B998-4F2B-8AF7-5F70F3DE2FCA}.Release|x64.Build.0 = Release|x64
		{4E1054A5-576B-4819-A0DF-AC776CAFF7C1}.Debug|Any CPU.ActiveCfg = Debug|Any CPU
		{4E1054A5-576B-4819-A0DF-AC776CAFF7C1}.Debug|Any CPU.Build.0 = Debug|Any CPU
		{4E1054A5-576B-4819-A0DF-AC776CAFF7C1}.Debug|x64.ActiveCfg = Debug|x64
		{4E1054A5-576B-4819-A0DF-AC776CAFF7C1}.Debug|x64.Build.0 = Debug|x64
		{4E1054A5-576B-4819-A0DF-AC776CAFF7C1}.Release|Any CPU.ActiveCfg = Release|Any CPU
		{4E1054A5-576B-4819-A0DF-AC776CAFF7C1}.Release|Any CPU.Build.0 = Release|Any CPU
		{4E1054A5-576B-4819-A0DF-AC776CAFF7C1}.Release|x64.ActiveCfg = Release|x64
		{4E1054A5-576B-4819-A0DF-AC776CAFF7C1}.Release|x64.Build.0 = Release|x64
		{F7B514EB-27E7-4B70-A9FA-740C76CED6C8}.Debug|Any CPU.ActiveCfg = Debug|Any CPU
		{F7B514EB-27E7-4B70-A9FA-740C76CED6C8}.Debug|Any CPU.Build.0 = Debug|Any CPU
		{F7B514EB-27E7-4B70-A9FA-740C76CED6C8}.Debug|x64.ActiveCfg = Debug|x64
		{F7B514EB-27E7-4B70-A9FA-740C76CED6C8}.Debug|x64.Build.0 = Debug|x64
		{F7B514EB-27E7-4B70-A9FA-740C76CED6C8}.Release|Any CPU.ActiveCfg = Release|Any CPU
		{F7B514EB-27E7-4B70-A9FA-740C76CED6C8}.Release|Any CPU.Build.0 = Release|Any CPU
		{F7B514EB-27E7-4B70-A9FA-740C76CED6C8}.Release|x64.ActiveCfg = Release|x64
		{F7B514EB-27E7-4B70-A9FA-740C76CED6C8}.Release|x64.Build.0 = Release|x64
		{379B1A0A-C0F8-4E99-B5C7-EAD3DD04C048}.Debug|Any CPU.ActiveCfg = Debug|Any CPU
		{379B1A0A-C0F8-4E99-B5C7-EAD3DD04C048}.Debug|Any CPU.Build.0 = Debug|Any CPU
		{379B1A0A-C0F8-4E99-B5C7-EAD3DD04C048}.Debug|x64.ActiveCfg = Debug|x64
		{379B1A0A-C0F8-4E99-B5C7-EAD3DD04C048}.Debug|x64.Build.0 = Debug|x64
		{379B1A0A-C0F8-4E99-B5C7-EAD3DD04C048}.Release|Any CPU.ActiveCfg = Release|Any CPU
		{379B1A0A-C0F8-4E99-B5C7-EAD3DD04C048}.Release|Any CPU.Build.0 = Release|Any CPU
		{379B1A0A-C0F8-4E99-B5C7-EAD3DD04C048}.Release|x64.ActiveCfg = Release|x64
		{379B1A0A-C0F8-4E99-B5C7-EAD3DD04C048}.Release|x64.Build.0 = Release|x64
		{5A33C9F1-2608-4589-8816-CD58B4B6AE7C}.Debug|Any CPU.ActiveCfg = Debug|Any CPU
		{5A33C9F1-2608-4589-8816-CD58B4B6AE7C}.Debug|Any CPU.Build.0 = Debug|Any CPU
		{5A33C9F1-2608-4589-8816-CD58B4B6AE7C}.Debug|x64.ActiveCfg = Debug|x64
		{5A33C9F1-2608-4589-8816-CD58B4B6AE7C}.Debug|x64.Build.0 = Debug|x64
		{5A33C9F1-2608-4589-8816-CD58B4B6AE7C}.Release|Any CPU.ActiveCfg = Release|Any CPU
		{5A33C9F1-2608-4589-8816-CD58B4B6AE7C}.Release|Any CPU.Build.0 = Release|Any CPU
		{5A33C9F1-2608-4589-8816-CD58B4B6AE7C}.Release|x64.ActiveCfg = Release|x64
		{5A33C9F1-2608-4589-8816-CD58B4B6AE7C}.Release|x64.Build.0 = Release|x64
		{662750E9-80DF-4A76-8465-386926E1BBEE}.Debug|Any CPU.ActiveCfg = Debug|Any CPU
		{662750E9-80DF-4A76-8465-386926E1BBEE}.Debug|Any CPU.Build.0 = Debug|Any CPU
		{662750E9-80DF-4A76-8465-386926E1BBEE}.Debug|x64.ActiveCfg = Debug|x64
		{662750E9-80DF-4A76-8465-386926E1BBEE}.Debug|x64.Build.0 = Debug|x64
		{662750E9-80DF-4A76-8465-386926E1BBEE}.Release|Any CPU.ActiveCfg = Release|Any CPU
		{662750E9-80DF-4A76-8465-386926E1BBEE}.Release|Any CPU.Build.0 = Release|Any CPU
		{662750E9-80DF-4A76-8465-386926E1BBEE}.Release|x64.ActiveCfg = Release|x64
		{662750E9-80DF-4A76-8465-386926E1BBEE}.Release|x64.Build.0 = Release|x64
		{112012A6-91D2-4AA9-83A5-C33AFBA6D4E8}.Debug|Any CPU.ActiveCfg = Debug|Any CPU
		{112012A6-91D2-4AA9-83A5-C33AFBA6D4E8}.Debug|Any CPU.Build.0 = Debug|Any CPU
		{112012A6-91D2-4AA9-83A5-C33AFBA6D4E8}.Debug|x64.ActiveCfg = Debug|x64
		{112012A6-91D2-4AA9-83A5-C33AFBA6D4E8}.Debug|x64.Build.0 = Debug|x64
		{112012A6-91D2-4AA9-83A5-C33AFBA6D4E8}.Release|Any CPU.ActiveCfg = Release|Any CPU
		{112012A6-91D2-4AA9-83A5-C33AFBA6D4E8}.Release|Any CPU.Build.0 = Release|Any CPU
		{112012A6-91D2-4AA9-83A5-C33AFBA6D4E8}.Release|x64.ActiveCfg = Release|x64
		{112012A6-91D2-4AA9-83A5-C33AFBA6D4E8}.Release|x64.Build.0 = Release|x64
		{6E33533D-9A2D-48D9-883C-0DB8338837DB}.Debug|Any CPU.ActiveCfg = Debug|Any CPU
		{6E33533D-9A2D-48D9-883C-0DB8338837DB}.Debug|Any CPU.Build.0 = Debug|Any CPU
		{6E33533D-9A2D-48D9-883C-0DB8338837DB}.Debug|x64.ActiveCfg = Debug|x64
		{6E33533D-9A2D-48D9-883C-0DB8338837DB}.Debug|x64.Build.0 = Debug|x64
		{6E33533D-9A2D-48D9-883C-0DB8338837DB}.Release|Any CPU.ActiveCfg = Release|Any CPU
		{6E33533D-9A2D-48D9-883C-0DB8338837DB}.Release|Any CPU.Build.0 = Release|Any CPU
		{6E33533D-9A2D-48D9-883C-0DB8338837DB}.Release|x64.ActiveCfg = Release|x64
		{6E33533D-9A2D-48D9-883C-0DB8338837DB}.Release|x64.Build.0 = Release|x64
		{B0A59617-9881-4F90-8C82-DDECD372E9DB}.Debug|Any CPU.ActiveCfg = Debug|Any CPU
		{B0A59617-9881-4F90-8C82-DDECD372E9DB}.Debug|Any CPU.Build.0 = Debug|Any CPU
		{B0A59617-9881-4F90-8C82-DDECD372E9DB}.Debug|x64.ActiveCfg = Debug|x64
		{B0A59617-9881-4F90-8C82-DDECD372E9DB}.Debug|x64.Build.0 = Debug|x64
		{B0A59617-9881-4F90-8C82-DDECD372E9DB}.Release|Any CPU.ActiveCfg = Release|Any CPU
		{B0A59617-9881-4F90-8C82-DDECD372E9DB}.Release|Any CPU.Build.0 = Release|Any CPU
		{B0A59617-9881-4F90-8C82-DDECD372E9DB}.Release|x64.ActiveCfg = Release|x64
		{B0A59617-9881-4F90-8C82-DDECD372E9DB}.Release|x64.Build.0 = Release|x64
		{3BF4A721-0A13-4F28-8D0A-95297E394533}.Debug|Any CPU.ActiveCfg = Debug|Any CPU
		{3BF4A721-0A13-4F28-8D0A-95297E394533}.Debug|Any CPU.Build.0 = Debug|Any CPU
		{3BF4A721-0A13-4F28-8D0A-95297E394533}.Debug|x64.ActiveCfg = Debug|x64
		{3BF4A721-0A13-4F28-8D0A-95297E394533}.Debug|x64.Build.0 = Debug|x64
		{3BF4A721-0A13-4F28-8D0A-95297E394533}.Release|Any CPU.ActiveCfg = Release|Any CPU
		{3BF4A721-0A13-4F28-8D0A-95297E394533}.Release|Any CPU.Build.0 = Release|Any CPU
		{3BF4A721-0A13-4F28-8D0A-95297E394533}.Release|x64.ActiveCfg = Release|x64
		{3BF4A721-0A13-4F28-8D0A-95297E394533}.Release|x64.Build.0 = Release|x64
		{42330FC7-314D-4878-9ADA-9DE109FC5778}.Debug|Any CPU.ActiveCfg = Debug|Any CPU
		{42330FC7-314D-4878-9ADA-9DE109FC5778}.Debug|Any CPU.Build.0 = Debug|Any CPU
		{42330FC7-314D-4878-9ADA-9DE109FC5778}.Debug|x64.ActiveCfg = Debug|x64
		{42330FC7-314D-4878-9ADA-9DE109FC5778}.Debug|x64.Build.0 = Debug|x64
		{42330FC7-314D-4878-9ADA-9DE109FC5778}.Release|Any CPU.ActiveCfg = Release|Any CPU
		{42330FC7-314D-4878-9ADA-9DE109FC5778}.Release|Any CPU.Build.0 = Release|Any CPU
		{42330FC7-314D-4878-9ADA-9DE109FC5778}.Release|x64.ActiveCfg = Release|x64
		{42330FC7-314D-4878-9ADA-9DE109FC5778}.Release|x64.Build.0 = Release|x64
	EndGlobalSection
	GlobalSection(SolutionProperties) = preSolution
		HideSolutionNode = FALSE
	EndGlobalSection
	GlobalSection(NestedProjects) = preSolution
		{5E2D599A-9623-4DE0-8905-182E6F20E557} = {13910BC9-C879-4AA5-8B15-1708740DC85E}
		{C61E9430-14D8-495B-9ED9-EEC1CCB5C7E9} = {5A6D7A09-8050-4BD9-93E2-B1258EE0F4CC}
		{27DC228A-B998-4F2B-8AF7-5F70F3DE2FCA} = {3AF98168-2D26-43E0-BF87-90DA129988BD}
		{4E1054A5-576B-4819-A0DF-AC776CAFF7C1} = {2428C1DF-663B-4C12-B596-E5AC5BC7F929}
		{F7B514EB-27E7-4B70-A9FA-740C76CED6C8} = {2B26A462-623A-4D38-812E-A5527C9E14CA}
		{379B1A0A-C0F8-4E99-B5C7-EAD3DD04C048} = {2B26A462-623A-4D38-812E-A5527C9E14CA}
		{5A33C9F1-2608-4589-8816-CD58B4B6AE7C} = {13910BC9-C879-4AA5-8B15-1708740DC85E}
		{662750E9-80DF-4A76-8465-386926E1BBEE} = {5A6D7A09-8050-4BD9-93E2-B1258EE0F4CC}
		{112012A6-91D2-4AA9-83A5-C33AFBA6D4E8} = {3AF98168-2D26-43E0-BF87-90DA129988BD}
		{6E33533D-9A2D-48D9-883C-0DB8338837DB} = {2428C1DF-663B-4C12-B596-E5AC5BC7F929}
		{B0A59617-9881-4F90-8C82-DDECD372E9DB} = {3AF98168-2D26-43E0-BF87-90DA129988BD}
		{3BF4A721-0A13-4F28-8D0A-95297E394533} = {13910BC9-C879-4AA5-8B15-1708740DC85E}
		{42330FC7-314D-4878-9ADA-9DE109FC5778} = {5A6D7A09-8050-4BD9-93E2-B1258EE0F4CC}
	EndGlobalSection
	GlobalSection(ExtensibilityGlobals) = postSolution
		SolutionGuid = {D9D8AF59-BC62-499F-AEBC-2234E781A655}
	EndGlobalSection
EndGlobal
